
Microsoft Visual Studio Solution File, Format Version 12.00
# Visual Studio 15
VisualStudioVersion = 15.0.26430.16
MinimumVisualStudioVersion = 10.0.40219.1
Project("{FAE04EC0-301F-11D3-BF4B-00C04F79EFBC}") = "GameEventsGenerator", "GameEventsGenerator\GameEventsGenerator.csproj", "{D816FF5B-6072-4A1F-A19C-486CE9C9312B}"
EndProject
Project("{E53339B2-1760-4266-BCC7-CA923CBCF16C}") = "docker-compose", "docker-compose.dcproj", "{DCC94982-4170-447D-A575-EDF9EFAB7CCA}"
EndProject
Project("{FAE04EC0-301F-11D3-BF4B-00C04F79EFBC}") = "NetCoreGameEventsGenerator", "..\NetCoreGameEventsGenerator\NetCoreGameEventsGenerator.csproj", "{B9499AE3-6852-4E7D-B599-A28F98311CAF}"
EndProject
Global
	GlobalSection(SolutionConfigurationPlatforms) = preSolution
		Debug|Any CPU = Debug|Any CPU
		Release|Any CPU = Release|Any CPU
	EndGlobalSection
	GlobalSection(ProjectConfigurationPlatforms) = postSolution
		{D816FF5B-6072-4A1F-A19C-486CE9C9312B}.Debug|Any CPU.ActiveCfg = Debug|Any CPU
		{D816FF5B-6072-4A1F-A19C-486CE9C9312B}.Debug|Any CPU.Build.0 = Debug|Any CPU
		{D816FF5B-6072-4A1F-A19C-486CE9C9312B}.Release|Any CPU.ActiveCfg = Release|Any CPU
		{D816FF5B-6072-4A1F-A19C-486CE9C9312B}.Release|Any CPU.Build.0 = Release|Any CPU
		{DCC94982-4170-447D-A575-EDF9EFAB7CCA}.Debug|Any CPU.ActiveCfg = Debug|Any CPU
		{DCC94982-4170-447D-A575-EDF9EFAB7CCA}.Debug|Any CPU.Build.0 = Debug|Any CPU
		{DCC94982-4170-447D-A575-EDF9EFAB7CCA}.Release|Any CPU.ActiveCfg = Release|Any CPU
		{DCC94982-4170-447D-A575-EDF9EFAB7CCA}.Release|Any CPU.Build.0 = Release|Any CPU
		{B9499AE3-6852-4E7D-B599-A28F98311CAF}.Debug|Any CPU.ActiveCfg = Debug|Any CPU
		{B9499AE3-6852-4E7D-B599-A28F98311CAF}.Debug|Any CPU.Build.0 = Debug|Any CPU
		{B9499AE3-6852-4E7D-B599-A28F98311CAF}.Release|Any CPU.ActiveCfg = Release|Any CPU
		{B9499AE3-6852-4E7D-B599-A28F98311CAF}.Release|Any CPU.Build.0 = Release|Any CPU
	EndGlobalSection
	GlobalSection(SolutionProperties) = preSolution
		HideSolutionNode = FALSE
	EndGlobalSection
	GlobalSection(ExtensibilityGlobals) = postSolution
		EnterpriseLibraryConfigurationToolBinariesPath = packages\TransientFaultHandling.Core.5.1.1209.1\lib\NET4
	EndGlobalSection
EndGlobal
